// !$*UTF8*$!
{
	archiveVersion = 1;
	classes = {
	};
	objectVersion = 48;
	objects = {

/* Begin PBXBuildFile section */
		32724DD97B72B9EE01022726 /* Pods_TestCocoaPodFramework.framework in Frameworks */ = {isa = PBXBuildFile; fileRef = 5193A9BC520C0EB7D2A51304 /* Pods_TestCocoaPodFramework.framework */; };
		D8929A2421B7953A007D5393 /* TestCocoaPodFramework.h in Headers */ = {isa = PBXBuildFile; fileRef = D8929A2221B7953A007D5393 /* TestCocoaPodFramework.h */; settings = {ATTRIBUTES = (Public, ); }; };
		D8929A2C21B7954E007D5393 /* FirstViewController.h in Headers */ = {isa = PBXBuildFile; fileRef = D8929A2A21B7954E007D5393 /* FirstViewController.h */; settings = {ATTRIBUTES = (Public, ); }; };
		D8929A2D21B7954E007D5393 /* FirstViewController.m in Sources */ = {isa = PBXBuildFile; fileRef = D8929A2B21B7954E007D5393 /* FirstViewController.m */; };
/* End PBXBuildFile section */

/* Begin PBXFileReference section */
		5193A9BC520C0EB7D2A51304 /* Pods_TestCocoaPodFramework.framework */ = {isa = PBXFileReference; explicitFileType = wrapper.framework; includeInIndex = 0; path = Pods_TestCocoaPodFramework.framework; sourceTree = BUILT_PRODUCTS_DIR; };
		5FBED8C5D43C9BE058EA9C86 /* Pods-TestCocoaPodFramework.release.xcconfig */ = {isa = PBXFileReference; includeInIndex = 1; lastKnownFileType = text.xcconfig; name = "Pods-TestCocoaPodFramework.release.xcconfig"; path = "Pods/Target Support Files/Pods-TestCocoaPodFramework/Pods-TestCocoaPodFramework.release.xcconfig"; sourceTree = "<group>"; };
		D8929A1F21B7953A007D5393 /* TestCocoaPodFramework.framework */ = {isa = PBXFileReference; explicitFileType = wrapper.framework; includeInIndex = 0; path = TestCocoaPodFramework.framework; sourceTree = BUILT_PRODUCTS_DIR; };
		D8929A2221B7953A007D5393 /* TestCocoaPodFramework.h */ = {isa = PBXFileReference; lastKnownFileType = sourcecode.c.h; path = TestCocoaPodFramework.h; sourceTree = "<group>"; };
		D8929A2321B7953A007D5393 /* Info.plist */ = {isa = PBXFileReference; lastKnownFileType = text.plist.xml; path = Info.plist; sourceTree = "<group>"; };
		D8929A2A21B7954E007D5393 /* FirstViewController.h */ = {isa = PBXFileReference; lastKnownFileType = sourcecode.c.h; path = FirstViewController.h; sourceTree = "<group>"; };
		D8929A2B21B7954E007D5393 /* FirstViewController.m */ = {isa = PBXFileReference; lastKnownFileType = sourcecode.c.objc; path = FirstViewController.m; sourceTree = "<group>"; };
		EEDDCC2C76B3EA28BA99C1A6 /* Pods-TestCocoaPodFramework.debug.xcconfig */ = {isa = PBXFileReference; includeInIndex = 1; lastKnownFileType = text.xcconfig; name = "Pods-TestCocoaPodFramework.debug.xcconfig"; path = "Pods/Target Support Files/Pods-TestCocoaPodFramework/Pods-TestCocoaPodFramework.debug.xcconfig"; sourceTree = "<group>"; };
/* End PBXFileReference section */

/* Begin PBXFrameworksBuildPhase section */
		D8929A1B21B7953A007D5393 /* Frameworks */ = {
			isa = PBXFrameworksBuildPhase;
			buildActionMask = 2147483647;
			files = (
				32724DD97B72B9EE01022726 /* Pods_TestCocoaPodFramework.framework in Frameworks */,
			);
			runOnlyForDeploymentPostprocessing = 0;
		};
/* End PBXFrameworksBuildPhase section */

/* Begin PBXGroup section */
		51476A61AC964A1EBF132122 /* Pods */ = {
			isa = PBXGroup;
			children = (
				EEDDCC2C76B3EA28BA99C1A6 /* Pods-TestCocoaPodFramework.debug.xcconfig */,
				5FBED8C5D43C9BE058EA9C86 /* Pods-TestCocoaPodFramework.release.xcconfig */,
			);
			name = Pods;
			sourceTree = "<group>";
		};
		D869D8A221BE4F2F009779DF /* Frameworks */ = {
			isa = PBXGroup;
			children = (
				5193A9BC520C0EB7D2A51304 /* Pods_TestCocoaPodFramework.framework */,
			);
			name = Frameworks;
			sourceTree = "<group>";
		};
		D8929A1521B7953A007D5393 = {
			isa = PBXGroup;
			children = (
				D8929A2121B7953A007D5393 /* TestCocoaPodFramework */,
				D8929A2021B7953A007D5393 /* Products */,
				D869D8A221BE4F2F009779DF /* Frameworks */,
				51476A61AC964A1EBF132122 /* Pods */,
			);
			sourceTree = "<group>";
		};
		D8929A2021B7953A007D5393 /* Products */ = {
			isa = PBXGroup;
			children = (
				D8929A1F21B7953A007D5393 /* TestCocoaPodFramework.framework */,
			);
			name = Products;
			sourceTree = "<group>";
		};
		D8929A2121B7953A007D5393 /* TestCocoaPodFramework */ = {
			isa = PBXGroup;
			children = (
				D8929A2A21B7954E007D5393 /* FirstViewController.h */,
				D8929A2B21B7954E007D5393 /* FirstViewController.m */,
				D8929A2221B7953A007D5393 /* TestCocoaPodFramework.h */,
				D8929A2321B7953A007D5393 /* Info.plist */,
			);
			path = TestCocoaPodFramework;
			sourceTree = "<group>";
		};
/* End PBXGroup section */

/* Begin PBXHeadersBuildPhase section */
		D8929A1C21B7953A007D5393 /* Headers */ = {
			isa = PBXHeadersBuildPhase;
			buildActionMask = 2147483647;
			files = (
				D8929A2C21B7954E007D5393 /* FirstViewController.h in Headers */,
				D8929A2421B7953A007D5393 /* TestCocoaPodFramework.h in Headers */,
			);
			runOnlyForDeploymentPostprocessing = 0;
		};
/* End PBXHeadersBuildPhase section */

/* Begin PBXNativeTarget section */
		D8929A1E21B7953A007D5393 /* TestCocoaPodFramework */ = {
			isa = PBXNativeTarget;
			buildConfigurationList = D8929A2721B7953A007D5393 /* Build configuration list for PBXNativeTarget "TestCocoaPodFramework" */;
			buildPhases = (
				68FF51492CB9A4C165B67619 /* [CP] Check Pods Manifest.lock */,
				D8929A1A21B7953A007D5393 /* Sources */,
				D8929A1B21B7953A007D5393 /* Frameworks */,
				D8929A1C21B7953A007D5393 /* Headers */,
				D8929A1D21B7953A007D5393 /* Resources */,
			);
			buildRules = (
			);
			dependencies = (
			);
			name = TestCocoaPodFramework;
			productName = TestCocoaPodFramework;
			productReference = D8929A1F21B7953A007D5393 /* TestCocoaPodFramework.framework */;
			productType = "com.apple.product-type.framework";
		};
/* End PBXNativeTarget section */

/* Begin PBXProject section */
		D8929A1621B7953A007D5393 /* Project object */ = {
			isa = PBXProject;
			attributes = {
				LastUpgradeCheck = 0920;
				ORGANIZATIONNAME = e;
				TargetAttributes = {
					D8929A1E21B7953A007D5393 = {
						CreatedOnToolsVersion = 9.2;
						ProvisioningStyle = Automatic;
					};
				};
			};
			buildConfigurationList = D8929A1921B7953A007D5393 /* Build configuration list for PBXProject "TestCocoaPodFramework" */;
			compatibilityVersion = "Xcode 8.0";
			developmentRegion = en;
			hasScannedForEncodings = 0;
			knownRegions = (
				en,
			);
			mainGroup = D8929A1521B7953A007D5393;
			productRefGroup = D8929A2021B7953A007D5393 /* Products */;
			projectDirPath = "";
			projectRoot = "";
			targets = (
				D8929A1E21B7953A007D5393 /* TestCocoaPodFramework */,
			);
		};
/* End PBXProject section */

/* Begin PBXResourcesBuildPhase section */
		D8929A1D21B7953A007D5393 /* Resources */ = {
			isa = PBXResourcesBuildPhase;
			buildActionMask = 2147483647;
			files = (
			);
			runOnlyForDeploymentPostprocessing = 0;
		};
/* End PBXResourcesBuildPhase section */

/* Begin PBXShellScriptBuildPhase section */
		68FF51492CB9A4C165B67619 /* [CP] Check Pods Manifest.lock */ = {
			isa = PBXShellScriptBuildPhase;
			buildActionMask = 2147483647;
			files = (
			);
			inputFileListPaths = (
			);
			inputPaths = (
				"${PODS_PODFILE_DIR_PATH}/Podfile.lock",
				"${PODS_ROOT}/Manifest.lock",
			);
			name = "[CP] Check Pods Manifest.lock";
			outputFileListPaths = (
			);
			outputPaths = (
				"$(DERIVED_FILE_DIR)/Pods-TestCocoaPodFramework-checkManifestLockResult.txt",
			);
			runOnlyForDeploymentPostprocessing = 0;
			shellPath = /bin/sh;
			shellScript = "diff \"${PODS_PODFILE_DIR_PATH}/Podfile.lock\" \"${PODS_ROOT}/Manifest.lock\" > /dev/null\nif [ $? != 0 ] ; then\n    # print error to STDERR\n    echo \"error: The sandbox is not in sync with the Podfile.lock. Run 'pod install' or update your CocoaPods installation.\" >&2\n    exit 1\nfi\n# This output is used by Xcode 'outputs' to avoid re-running this script phase.\necho \"SUCCESS\" > \"${SCRIPT_OUTPUT_FILE_0}\"\n";
			showEnvVarsInLog = 0;
		};
/* End PBXShellScriptBuildPhase section */

/* Begin PBXSourcesBuildPhase section */
		D8929A1A21B7953A007D5393 /* Sources */ = {
			isa = PBXSourcesBuildPhase;
			buildActionMask = 2147483647;
			files = (
				D8929A2D21B7954E007D5393 /* FirstViewController.m in Sources */,
			);
			runOnlyForDeploymentPostprocessing = 0;
		};
/* End PBXSourcesBuildPhase section */

/* Begin XCBuildConfiguration section */
		D8929A2521B7953A007D5393 /* Debug */ = {
			isa = XCBuildConfiguration;
			buildSettings = {
				ALWAYS_SEARCH_USER_PATHS = NO;
				CLANG_ANALYZER_NONNULL = YES;
				CLANG_ANALYZER_NUMBER_OBJECT_CONVERSION = YES_AGGRESSIVE;
				CLANG_CXX_LANGUAGE_STANDARD = "gnu++14";
				CLANG_CXX_LIBRARY = "libc++";
				CLANG_ENABLE_MODULES = YES;
				CLANG_ENABLE_OBJC_ARC = YES;
				CLANG_WARN_BLOCK_CAPTURE_AUTORELEASING = YES;
				CLANG_WARN_BOOL_CONVERSION = YES;
				CLANG_WARN_COMMA = YES;
				CLANG_WARN_CONSTANT_CONVERSION = YES;
				CLANG_WARN_DIRECT_OBJC_ISA_USAGE = YES_ERROR;
				CLANG_WARN_DOCUMENTATION_COMMENTS = YES;
				CLANG_WARN_EMPTY_BODY = YES;
				CLANG_WARN_ENUM_CONVERSION = YES;
				CLANG_WARN_INFINITE_RECURSION = YES;
				CLANG_WARN_INT_CONVERSION = YES;
				CLANG_WARN_NON_LITERAL_NULL_CONVERSION = YES;
				CLANG_WARN_OBJC_LITERAL_CONVERSION = YES;
				CLANG_WARN_OBJC_ROOT_CLASS = YES_ERROR;
				CLANG_WARN_RANGE_LOOP_ANALYSIS = YES;
				CLANG_WARN_STRICT_PROTOTYPES = YES;
				CLANG_WARN_SUSPICIOUS_MOVE = YES;
				CLANG_WARN_UNGUARDED_AVAILABILITY = YES_AGGRESSIVE;
				CLANG_WARN_UNREACHABLE_CODE = YES;
				CLANG_WARN__DUPLICATE_METHOD_MATCH = YES;
				CODE_SIGN_IDENTITY = "iPhone Developer";
				COPY_PHASE_STRIP = NO;
				CURRENT_PROJECT_VERSION = 1;
				DEBUG_INFORMATION_FORMAT = dwarf;
				ENABLE_STRICT_OBJC_MSGSEND = YES;
				ENABLE_TESTABILITY = YES;
				GCC_C_LANGUAGE_STANDARD = gnu11;
				GCC_DYNAMIC_NO_PIC = NO;
				GCC_NO_COMMON_BLOCKS = YES;
				GCC_OPTIMIZATION_LEVEL = 0;
				GCC_PREPROCESSOR_DEFINITIONS = (
					"DEBUG=1",
					"$(inherited)",
				);
				GCC_WARN_64_TO_32_BIT_CONVERSION = YES;
				GCC_WARN_ABOUT_RETURN_TYPE = YES_ERROR;
				GCC_WARN_UNDECLARED_SELECTOR = YES;
				GCC_WARN_UNINITIALIZED_AUTOS = YES_AGGRESSIVE;
				GCC_WARN_UNUSED_FUNCTION = YES;
				GCC_WARN_UNUSED_VARIABLE = YES;
				IPHONEOS_DEPLOYMENT_TARGET = 11.2;
				MTL_ENABLE_DEBUG_INFO = YES;
				ONLY_ACTIVE_ARCH = YES;
				SDKROOT = iphoneos;
				VERSIONING_SYSTEM = "apple-generic";
				VERSION_INFO_PREFIX = "";
			};
			name = Debug;
		};
		D8929A2621B7953A007D5393 /* Release */ = {
			isa = XCBuildConfiguration;
			buildSettings = {
				ALWAYS_SEARCH_USER_PATHS = NO;
				CLANG_ANALYZER_NONNULL = YES;
				CLANG_ANALYZER_NUMBER_OBJECT_CONVERSION = YES_AGGRESSIVE;
				CLANG_CXX_LANGUAGE_STANDARD = "gnu++14";
				CLANG_CXX_LIBRARY = "libc++";
				CLANG_ENABLE_MODULES = YES;
				CLANG_ENABLE_OBJC_ARC = YES;
				CLANG_WARN_BLOCK_CAPTURE_AUTORELEASING = YES;
				CLANG_WARN_BOOL_CONVERSION = YES;
				CLANG_WARN_COMMA = YES;
				CLANG_WARN_CONSTANT_CONVERSION = YES;
				CLANG_WARN_DIRECT_OBJC_ISA_USAGE = YES_ERROR;
				CLANG_WARN_DOCUMENTATION_COMMENTS = YES;
				CLANG_WARN_EMPTY_BODY = YES;
				CLANG_WARN_ENUM_CONVERSION = YES;
				CLANG_WARN_INFINITE_RECURSION = YES;
				CLANG_WARN_INT_CONVERSION = YES;
				CLANG_WARN_NON_LITERAL_NULL_CONVERSION = YES;
				CLANG_WARN_OBJC_LITERAL_CONVERSION = YES;
				CLANG_WARN_OBJC_ROOT_CLASS = YES_ERROR;
				CLANG_WARN_RANGE_LOOP_ANALYSIS = YES;
				CLANG_WARN_STRICT_PROTOTYPES = YES;
				CLANG_WARN_SUSPICIOUS_MOVE = YES;
				CLANG_WARN_UNGUARDED_AVAILABILITY = YES_AGGRESSIVE;
				CLANG_WARN_UNREACHABLE_CODE = YES;
				CLANG_WARN__DUPLICATE_METHOD_MATCH = YES;
				CODE_SIGN_IDENTITY = "iPhone Developer";
				COPY_PHASE_STRIP = NO;
				CURRENT_PROJECT_VERSION = 1;
				DEBUG_INFORMATION_FORMAT = "dwarf-with-dsym";
				ENABLE_NS_ASSERTIONS = NO;
				ENABLE_STRICT_OBJC_MSGSEND = YES;
				GCC_C_LANGUAGE_STANDARD = gnu11;
				GCC_NO_COMMON_BLOCKS = YES;
				GCC_WARN_64_TO_32_BIT_CONVERSION = YES;
				GCC_WARN_ABOUT_RETURN_TYPE = YES_ERROR;
				GCC_WARN_UNDECLARED_SELECTOR = YES;
				GCC_WARN_UNINITIALIZED_AUTOS = YES_AGGRESSIVE;
				GCC_WARN_UNUSED_FUNCTION = YES;
				GCC_WARN_UNUSED_VARIABLE = YES;
				IPHONEOS_DEPLOYMENT_TARGET = 11.2;
				MTL_ENABLE_DEBUG_INFO = NO;
				SDKROOT = iphoneos;
				VALIDATE_PRODUCT = YES;
				VERSIONING_SYSTEM = "apple-generic";
				VERSION_INFO_PREFIX = "";
			};
			name = Release;
		};
		D8929A2821B7953A007D5393 /* Debug */ = {
			isa = XCBuildConfiguration;
			baseConfigurationReference = EEDDCC2C76B3EA28BA99C1A6 /* Pods-TestCocoaPodFramework.debug.xcconfig */;
			buildSettings = {
				CODE_SIGN_IDENTITY = "";
				CODE_SIGN_STYLE = Automatic;
				DEFINES_MODULE = YES;
				DEVELOPMENT_TEAM = 5ATT87C7XV;
				DYLIB_COMPATIBILITY_VERSION = 1;
				DYLIB_CURRENT_VERSION = 1;
				DYLIB_INSTALL_NAME_BASE = "@rpath";
				ENABLE_BITCODE = NO;
				FRAMEWORK_SEARCH_PATHS = (
					"$(inherited)",
					"$(PROJECT_DIR)",
				);
				INFOPLIST_FILE = TestCocoaPodFramework/Info.plist;
				INSTALL_PATH = "$(LOCAL_LIBRARY_DIR)/Frameworks";
				IPHONEOS_DEPLOYMENT_TARGET = 10.0;
				LD_RUNPATH_SEARCH_PATHS = "$(inherited) @executable_path/Frameworks @loader_path/Frameworks";
				PRODUCT_BUNDLE_IDENTIFIER = idm.TestCocoaPodFramework;
				PRODUCT_NAME = "$(TARGET_NAME:c99extidentifier)";
				SKIP_INSTALL = YES;
				TARGETED_DEVICE_FAMILY = "1,2";
			};
			name = Debug;
		};
		D8929A2921B7953A007D5393 /* Release */ = {
			isa = XCBuildConfiguration;
			baseConfigurationReference = 5FBED8C5D43C9BE058EA9C86 /* Pods-TestCocoaPodFramework.release.xcconfig */;
			buildSettings = {
				CODE_SIGN_IDENTITY = "";
				CODE_SIGN_STYLE = Automatic;
				DEFINES_MODULE = YES;
				DEVELOPMENT_TEAM = 5ATT87C7XV;
				DYLIB_COMPATIBILITY_VERSION = 1;
				DYLIB_CURRENT_VERSION = 1;
				DYLIB_INSTALL_NAME_BASE = "@rpath";
				ENABLE_BITCODE = NO;
				FRAMEWORK_SEARCH_PATHS = (
					"$(inherited)",
					"$(PROJECT_DIR)",
				);
				INFOPLIST_FILE = TestCocoaPodFramework/Info.plist;
				INSTALL_PATH = "$(LOCAL_LIBRARY_DIR)/Frameworks";
				IPHONEOS_DEPLOYMENT_TARGET = 10.0;
				LD_RUNPATH_SEARCH_PATHS = "$(inherited) @executable_path/Frameworks @loader_path/Frameworks";
				PRODUCT_BUNDLE_IDENTIFIER = idm.TestCocoaPodFramework;
				PRODUCT_NAME = "$(TARGET_NAME:c99extidentifier)";
				SKIP_INSTALL = YES;
				TARGETED_DEVICE_FAMILY = "1,2";
			};
			name = Release;
		};
/* End XCBuildConfiguration section */

/* Begin XCConfigurationList section */
		D8929A1921B7953A007D5393 /* Build configuration list for PBXProject "TestCocoaPodFramework" */ = {
			isa = XCConfigurationList;
			buildConfigurations = (
				D8929A2521B7953A007D5393 /* Debug */,
				D8929A2621B7953A007D5393 /* Release */,
			);
			defaultConfigurationIsVisible = 0;
			defaultConfigurationName = Release;
		};
		D8929A2721B7953A007D5393 /* Build configuration list for PBXNativeTarget "TestCocoaPodFramework" */ = {
			isa = XCConfigurationList;
			buildConfigurations = (
				D8929A2821B7953A007D5393 /* Debug */,
				D8929A2921B7953A007D5393 /* Release */,
			);
			defaultConfigurationIsVisible = 0;
			defaultConfigurationName = Release;
		};
/* End XCConfigurationList section */
	};
	rootObject = D8929A1621B7953A007D5393 /* Project object */;
}
